// !$*UTF8*$!
{
	archiveVersion = 1;
	classes = {
	};
	objectVersion = 50;
	objects = {

/* Begin PBXBuildFile section */
		AC96871623A0B755007CBFFA /* AppDelegate.swift in Sources */ = {isa = PBXBuildFile; fileRef = AC96871523A0B755007CBFFA /* AppDelegate.swift */; };
		AC96871823A0B755007CBFFA /* SceneDelegate.swift in Sources */ = {isa = PBXBuildFile; fileRef = AC96871723A0B755007CBFFA /* SceneDelegate.swift */; };
		AC96871A23A0B755007CBFFA /* ViewController.swift in Sources */ = {isa = PBXBuildFile; fileRef = AC96871923A0B755007CBFFA /* ViewController.swift */; };
		AC96871D23A0B755007CBFFA /* Main.storyboard in Resources */ = {isa = PBXBuildFile; fileRef = AC96871B23A0B755007CBFFA /* Main.storyboard */; };
		AC96871F23A0B757007CBFFA /* Assets.xcassets in Resources */ = {isa = PBXBuildFile; fileRef = AC96871E23A0B757007CBFFA /* Assets.xcassets */; };
		AC96872223A0B757007CBFFA /* LaunchScreen.storyboard in Resources */ = {isa = PBXBuildFile; fileRef = AC96872023A0B757007CBFFA /* LaunchScreen.storyboard */; };
		AC96872A23A0BA49007CBFFA /* SampleVideo_1280_10MG.mp4 in Resources */ = {isa = PBXBuildFile; fileRef = AC96872923A0BA49007CBFFA /* SampleVideo_1280_10MG.mp4 */; };
/* End PBXBuildFile section */

/* Begin PBXFileReference section */
		AC96871223A0B755007CBFFA /* Multiple Video Players.app */ = {isa = PBXFileReference; explicitFileType = wrapper.application; includeInIndex = 0; path = "Multiple Video Players.app"; sourceTree = BUILT_PRODUCTS_DIR; };
		AC96871523A0B755007CBFFA /* AppDelegate.swift */ = {isa = PBXFileReference; lastKnownFileType = sourcecode.swift; path = AppDelegate.swift; sourceTree = "<group>"; };
		AC96871723A0B755007CBFFA /* SceneDelegate.swift */ = {isa = PBXFileReference; lastKnownFileType = sourcecode.swift; path = SceneDelegate.swift; sourceTree = "<group>"; };
		AC96871923A0B755007CBFFA /* ViewController.swift */ = {isa = PBXFileReference; lastKnownFileType = sourcecode.swift; path = ViewController.swift; sourceTree = "<group>"; };
		AC96871C23A0B755007CBFFA /* Base */ = {isa = PBXFileReference; lastKnownFileType = file.storyboard; name = Base; path = Base.lproj/Main.storyboard; sourceTree = "<group>"; };
		AC96871E23A0B757007CBFFA /* Assets.xcassets */ = {isa = PBXFileReference; lastKnownFileType = folder.assetcatalog; path = Assets.xcassets; sourceTree = "<group>"; };
		AC96872123A0B757007CBFFA /* Base */ = {isa = PBXFileReference; lastKnownFileType = file.storyboard; name = Base; path = Base.lproj/LaunchScreen.storyboard; sourceTree = "<group>"; };
		AC96872323A0B757007CBFFA /* Info.plist */ = {isa = PBXFileReference; lastKnownFileType = text.plist.xml; path = Info.plist; sourceTree = "<group>"; };
		AC96872923A0BA49007CBFFA /* SampleVideo_1280_10MG.mp4 */ = {isa = PBXFileReference; lastKnownFileType = file; path = SampleVideo_1280_10MG.mp4; sourceTree = "<group>"; };
/* End PBXFileReference section */

/* Begin PBXFrameworksBuildPhase section */
		AC96870F23A0B755007CBFFA /* Frameworks */ = {
			isa = PBXFrameworksBuildPhase;
			buildActionMask = 2147483647;
			files = (
			);
			runOnlyForDeploymentPostprocessing = 0;
		};
/* End PBXFrameworksBuildPhase section */

/* Begin PBXGroup section */
		AC96870923A0B755007CBFFA = {
			isa = PBXGroup;
			children = (
				AC96871423A0B755007CBFFA /* Multiple Video Players */,
				AC96871323A0B755007CBFFA /* Products */,
			);
			sourceTree = "<group>";
		};
		AC96871323A0B755007CBFFA /* Products */ = {
			isa = PBXGroup;
			children = (
				AC96871223A0B755007CBFFA /* Multiple Video Players.app */,
			);
			name = Products;
			sourceTree = "<group>";
		};
		AC96871423A0B755007CBFFA /* Multiple Video Players */ = {
			isa = PBXGroup;
			children = (
				AC96871523A0B755007CBFFA /* AppDelegate.swift */,
				AC96871723A0B755007CBFFA /* SceneDelegate.swift */,
				AC96871923A0B755007CBFFA /* ViewController.swift */,
				AC96871B23A0B755007CBFFA /* Main.storyboard */,
				AC96871E23A0B757007CBFFA /* Assets.xcassets */,
				AC96872023A0B757007CBFFA /* LaunchScreen.storyboard */,
				AC96872323A0B757007CBFFA /* Info.plist */,
				AC96872923A0BA49007CBFFA /* SampleVideo_1280_10MG.mp4 */,
			);
			path = "Multiple Video Players";
			sourceTree = "<group>";
		};
/* End PBXGroup section */

/* Begin PBXNativeTarget section */
		AC96871123A0B755007CBFFA /* Multiple Video Players */ = {
			isa = PBXNativeTarget;
			buildConfigurationList = AC96872623A0B757007CBFFA /* Build configuration list for PBXNativeTarget "Multiple Video Players" */;
			buildPhases = (
				AC96870E23A0B755007CBFFA /* Sources */,
				AC96870F23A0B755007CBFFA /* Frameworks */,
				AC96871023A0B755007CBFFA /* Resources */,
			);
			buildRules = (
			);
			dependencies = (
			);
			name = "Multiple Video Players";
			productName = "Multiple Video Players";
			productReference = AC96871223A0B755007CBFFA /* Multiple Video Players.app */;
			productType = "com.apple.product-type.application";
		};
/* End PBXNativeTarget section */

/* Begin PBXProject section */
		AC96870A23A0B755007CBFFA /* Project object */ = {
			isa = PBXProject;
			attributes = {
				LastSwiftUpdateCheck = 1120;
				LastUpgradeCheck = 1120;
				ORGANIZATIONNAME = "Digital Mirko";
				TargetAttributes = {
					AC96871123A0B755007CBFFA = {
						CreatedOnToolsVersion = 11.2.1;
					};
				};
			};
			buildConfigurationList = AC96870D23A0B755007CBFFA /* Build configuration list for PBXProject "Multiple Video Players" */;
			compatibilityVersion = "Xcode 9.3";
			developmentRegion = en;
			hasScannedForEncodings = 0;
			knownRegions = (
				en,
				Base,
			);
			mainGroup = AC96870923A0B755007CBFFA;
			productRefGroup = AC96871323A0B755007CBFFA /* Products */;
			projectDirPath = "";
			projectRoot = "";
			targets = (
				AC96871123A0B755007CBFFA /* Multiple Video Players */,
			);
		};
/* End PBXProject section */

/* Begin PBXResourcesBuildPhase section */
		AC96871023A0B755007CBFFA /* Resources */ = {
			isa = PBXResourcesBuildPhase;
			buildActionMask = 2147483647;
			files = (
				AC96872223A0B757007CBFFA /* LaunchScreen.storyboard in Resources */,
				AC96871F23A0B757007CBFFA /* Assets.xcassets in Resources */,
				AC96871D23A0B755007CBFFA /* Main.storyboard in Resources */,
				AC96872A23A0BA49007CBFFA /* SampleVideo_1280_10MG.mp4 in Resources */,
			);
			runOnlyForDeploymentPostprocessing = 0;
		};
/* End PBXResourcesBuildPhase section */

/* Begin PBXSourcesBuildPhase section */
		AC96870E23A0B755007CBFFA /* Sources */ = {
			isa = PBXSourcesBuildPhase;
			buildActionMask = 2147483647;
			files = (
				AC96871A23A0B755007CBFFA /* ViewController.swift in Sources */,
				AC96871623A0B755007CBFFA /* AppDelegate.swift in Sources */,
				AC96871823A0B755007CBFFA /* SceneDelegate.swift in Sources */,
			);
			runOnlyForDeploymentPostprocessing = 0;
		};
/* End PBXSourcesBuildPhase section */

/* Begin PBXVariantGroup section */
		AC96871B23A0B755007CBFFA /* Main.storyboard */ = {
			isa = PBXVariantGroup;
			children = (
				AC96871C23A0B755007CBFFA /* Base */,
			);
			name = Main.storyboard;
			sourceTree = "<group>";
		};
		AC96872023A0B757007CBFFA /* LaunchScreen.storyboard */ = {
			isa = PBXVariantGroup;
			children = (
				AC96872123A0B757007CBFFA /* Base */,
			);
			name = LaunchScreen.storyboard;
			sourceTree = "<group>";
		};
/* End PBXVariantGroup section */

/* Begin XCBuildConfiguration section */
		AC96872423A0B757007CBFFA /* Debug */ = {
			isa = XCBuildConfiguration;
			buildSettings = {
				ALWAYS_SEARCH_USER_PATHS = NO;
				CLANG_ANALYZER_NONNULL = YES;
				CLANG_ANALYZER_NUMBER_OBJECT_CONVERSION = YES_AGGRESSIVE;
				CLANG_CXX_LANGUAGE_STANDARD = "gnu++14";
				CLANG_CXX_LIBRARY = "libc++";
				CLANG_ENABLE_MODULES = YES;
				CLANG_ENABLE_OBJC_ARC = YES;
				CLANG_ENABLE_OBJC_WEAK = YES;
				CLANG_WARN_BLOCK_CAPTURE_AUTORELEASING = YES;
				CLANG_WARN_BOOL_CONVERSION = YES;
				CLANG_WARN_COMMA = YES;
				CLANG_WARN_CONSTANT_CONVERSION = YES;
				CLANG_WARN_DEPRECATED_OBJC_IMPLEMENTATIONS = YES;
				CLANG_WARN_DIRECT_OBJC_ISA_USAGE = YES_ERROR;
				CLANG_WARN_DOCUMENTATION_COMMENTS = YES;
				CLANG_WARN_EMPTY_BODY = YES;
				CLANG_WARN_ENUM_CONVERSION = YES;
				CLANG_WARN_INFINITE_RECURSION = YES;
				CLANG_WARN_INT_CONVERSION = YES;
				CLANG_WARN_NON_LITERAL_NULL_CONVERSION = YES;
				CLANG_WARN_OBJC_IMPLICIT_RETAIN_SELF = YES;
				CLANG_WARN_OBJC_LITERAL_CONVERSION = YES;
				CLANG_WARN_OBJC_ROOT_CLASS = YES_ERROR;
				CLANG_WARN_RANGE_LOOP_ANALYSIS = YES;
				CLANG_WARN_STRICT_PROTOTYPES = YES;
				CLANG_WARN_SUSPICIOUS_MOVE = YES;
				CLANG_WARN_UNGUARDED_AVAILABILITY = YES_AGGRESSIVE;
				CLANG_WARN_UNREACHABLE_CODE = YES;
				CLANG_WARN__DUPLICATE_METHOD_MATCH = YES;
				COPY_PHASE_STRIP = NO;
				DEBUG_INFORMATION_FORMAT = dwarf;
				ENABLE_STRICT_OBJC_MSGSEND = YES;
				ENABLE_TESTABILITY = YES;
				GCC_C_LANGUAGE_STANDARD = gnu11;
				GCC_DYNAMIC_NO_PIC = NO;
				GCC_NO_COMMON_BLOCKS = YES;
				GCC_OPTIMIZATION_LEVEL = 0;
				GCC_PREPROCESSOR_DEFINITIONS = (
					"DEBUG=1",
					"$(inherited)",
				);
				GCC_WARN_64_TO_32_BIT_CONVERSION = YES;
				GCC_WARN_ABOUT_RETURN_TYPE = YES_ERROR;
				GCC_WARN_UNDECLARED_SELECTOR = YES;
				GCC_WARN_UNINITIALIZED_AUTOS = YES_AGGRESSIVE;
				GCC_WARN_UNUSED_FUNCTION = YES;
				GCC_WARN_UNUSED_VARIABLE = YES;
				IPHONEOS_DEPLOYMENT_TARGET = 13.2;
				MTL_ENABLE_DEBUG_INFO = INCLUDE_SOURCE;
				MTL_FAST_MATH = YES;
				ONLY_ACTIVE_ARCH = YES;
				SDKROOT = iphoneos;
				SWIFT_ACTIVE_COMPILATION_CONDITIONS = DEBUG;
				SWIFT_OPTIMIZATION_LEVEL = "-Onone";
			};
			name = Debug;
		};
		AC96872523A0B757007CBFFA /* Release */ = {
			isa = XCBuildConfiguration;
			buildSettings = {
				ALWAYS_SEARCH_USER_PATHS = NO;
				CLANG_ANALYZER_NONNULL = YES;
				CLANG_ANALYZER_NUMBER_OBJECT_CONVERSION = YES_AGGRESSIVE;
				CLANG_CXX_LANGUAGE_STANDARD = "gnu++14";
				CLANG_CXX_LIBRARY = "libc++";
				CLANG_ENABLE_MODULES = YES;
				CLANG_ENABLE_OBJC_ARC = YES;
				CLANG_ENABLE_OBJC_WEAK = YES;
				CLANG_WARN_BLOCK_CAPTURE_AUTORELEASING = YES;
				CLANG_WARN_BOOL_CONVERSION = YES;
				CLANG_WARN_COMMA = YES;
				CLANG_WARN_CONSTANT_CONVERSION = YES;
				CLANG_WARN_DEPRECATED_OBJC_IMPLEMENTATIONS = YES;
				CLANG_WARN_DIRECT_OBJC_ISA_USAGE = YES_ERROR;
				CLANG_WARN_DOCUMENTATION_COMMENTS = YES;
				CLANG_WARN_EMPTY_BODY = YES;
				CLANG_WARN_ENUM_CONVERSION = YES;
				CLANG_WARN_INFINITE_RECURSION = YES;
				CLANG_WARN_INT_CONVERSION = YES;
				CLANG_WARN_NON_LITERAL_NULL_CONVERSION = YES;
				CLANG_WARN_OBJC_IMPLICIT_RETAIN_SELF = YES;
				CLANG_WARN_OBJC_LITERAL_CONVERSION = YES;
				CLANG_WARN_OBJC_ROOT_CLASS = YES_ERROR;
				CLANG_WARN_RANGE_LOOP_ANALYSIS = YES;
				CLANG_WARN_STRICT_PROTOTYPES = YES;
				CLANG_WARN_SUSPICIOUS_MOVE = YES;
				CLANG_WARN_UNGUARDED_AVAILABILITY = YES_AGGRESSIVE;
				CLANG_WARN_UNREACHABLE_CODE = YES;
				CLANG_WARN__DUPLICATE_METHOD_MATCH = YES;
				COPY_PHASE_STRIP = NO;
				DEBUG_INFORMATION_FORMAT = "dwarf-with-dsym";
				ENABLE_NS_ASSERTIONS = NO;
				ENABLE_STRICT_OBJC_MSGSEND = YES;
				GCC_C_LANGUAGE_STANDARD = gnu11;
				GCC_NO_COMMON_BLOCKS = YES;
				GCC_WARN_64_TO_32_BIT_CONVERSION = YES;
				GCC_WARN_ABOUT_RETURN_TYPE = YES_ERROR;
				GCC_WARN_UNDECLARED_SELECTOR = YES;
				GCC_WARN_UNINITIALIZED_AUTOS = YES_AGGRESSIVE;
				GCC_WARN_UNUSED_FUNCTION = YES;
				GCC_WARN_UNUSED_VARIABLE = YES;
				IPHONEOS_DEPLOYMENT_TARGET = 13.2;
				MTL_ENABLE_DEBUG_INFO = NO;
				MTL_FAST_MATH = YES;
				SDKROOT = iphoneos;
				SWIFT_COMPILATION_MODE = wholemodule;
				SWIFT_OPTIMIZATION_LEVEL = "-O";
				VALIDATE_PRODUCT = YES;
			};
			name = Release;
		};
		AC96872723A0B757007CBFFA /* Debug */ = {
			isa = XCBuildConfiguration;
			buildSettings = {
				ASSETCATALOG_COMPILER_APPICON_NAME = AppIcon;
				CODE_SIGN_STYLE = Automatic;
				DEVELOPMENT_TEAM = EQNJ9FG9YA;
				INFOPLIST_FILE = "Multiple Video Players/Info.plist";
				LD_RUNPATH_SEARCH_PATHS = (
					"$(inherited)",
					"@executable_path/Frameworks",
				);
				PRODUCT_BUNDLE_IDENTIFIER = "com.digitalmirko.Multiple-Video-Players";
				PRODUCT_NAME = "$(TARGET_NAME)";
				SWIFT_VERSION = 5.0;
				TARGETED_DEVICE_FAMILY = "1,2";
			};
			name = Debug;
		};
		AC96872823A0B757007CBFFA /* Release */ = {
			isa = XCBuildConfiguration;
			buildSettings = {
				ASSETCATALOG_COMPILER_APPICON_NAME = AppIcon;
				CODE_SIGN_STYLE = Automatic;
				DEVELOPMENT_TEAM = EQNJ9FG9YA;
				INFOPLIST_FILE = "Multiple Video Players/Info.plist";
				LD_RUNPATH_SEARCH_PATHS = (
					"$(inherited)",
					"@executable_path/Frameworks",
				);
				PRODUCT_BUNDLE_IDENTIFIER = "com.digitalmirko.Multiple-Video-Players";
				PRODUCT_NAME = "$(TARGET_NAME)";
				SWIFT_VERSION = 5.0;
				TARGETED_DEVICE_FAMILY = "1,2";
			};
			name = Release;
		};
/* End XCBuildConfiguration section */

/* Begin XCConfigurationList section */
		AC96870D23A0B755007CBFFA /* Build configuration list for PBXProject "Multiple Video Players" */ = {
			isa = XCConfigurationList;
			buildConfigurations = (
				AC96872423A0B757007CBFFA /* Debug */,
				AC96872523A0B757007CBFFA /* Release */,
			);
			defaultConfigurationIsVisible = 0;
			defaultConfigurationName = Release;
		};
		AC96872623A0B757007CBFFA /* Build configuration list for PBXNativeTarget "Multiple Video Players" */ = {
			isa = XCConfigurationList;
			buildConfigurations = (
				AC96872723A0B757007CBFFA /* Debug */,
				AC96872823A0B757007CBFFA /* Release */,
			);
			defaultConfigurationIsVisible = 0;
			defaultConfigurationName = Release;
		};
/* End XCConfigurationList section */
	};
	rootObject = AC96870A23A0B755007CBFFA /* Project object */;
}
